<?xml version="1.0" encoding="utf-8"?>
<Project ToolsVersion="4.0" xmlns="http://schemas.microsoft.com/developer/msbuild/2003">
  <ItemGroup>
    <Filter Include="Source Files">
      <UniqueIdentifier>{4FC737F1-C7A5-4376-A066-2A32D752A2FF}</UniqueIdentifier>
      <Extensions>cpp;cxx;c;def</Extensions>
    </Filter>
    <Filter Include="Header Files">
      <UniqueIdentifier>{93995380-89BD-4b04-88EB-625FBE52EBFB}</UniqueIdentifier>
      <Extensions>h</Extensions>
    </Filter>
    <Filter Include="Form Files">
      <UniqueIdentifier>{99349809-55BA-4b9d-BF79-8FDBB0286EB3}</UniqueIdentifier>
      <Extensions>ui</Extensions>
    </Filter>
    <Filter Include="Resource Files">
      <UniqueIdentifier>{D9D6E242-F8AF-46E4-B9FD-80ECBC20BA3E}</UniqueIdentifier>
      <Extensions>qrc;*</Extensions>
      <ParseFiles>false</ParseFiles>
    </Filter>
    <Filter Include="Generated Files">
      <UniqueIdentifier>{71ED8ED8-ACB9-4CE9-BBE1-E00B30144E11}</UniqueIdentifier>
      <Extensions>moc;h;cpp</Extensions>
      <SourceControlFiles>False</SourceControlFiles>
    </Filter>
    <Filter Include="Generated Files\Debug">
      <UniqueIdentifier>{b39813c6-63b3-4249-96d1-09b6b8efca73}</UniqueIdentifier>
      <Extensions>cpp;moc</Extensions>
      <SourceControlFiles>False</SourceControlFiles>
    </Filter>
    <Filter Include="Generated Files\Release">
      <UniqueIdentifier>{805938d6-a74f-4fbf-8db1-a896993a6bc1}</UniqueIdentifier>
      <Extensions>cpp;moc</Extensions>
      <SourceControlFiles>False</SourceControlFiles>
    </Filter>
  </ItemGroup>
  <ItemGroup>
    <ClCompile Include="main.cpp">
      <Filter>Source Files</Filter>
    </ClCompile>
    <ClCompile Include="kmainwindow.cpp">
      <Filter>Source Files</Filter>
    </ClCompile>
    <ClCompile Include="GeneratedFiles\Debug\moc_kmainwindow.cpp">
      <Filter>Generated Files\Debug</Filter>
    </ClCompile>
    <ClCompile Include="GeneratedFiles\Release\moc_kmainwindow.cpp">
      <Filter>Generated Files\Release</Filter>
    </ClCompile>
    <ClCompile Include="GeneratedFiles\qrc_kmainwindow.cpp">
      <Filter>Generated Files</Filter>
    </ClCompile>
    <ClCompile Include="ksliderpptlist.cpp">
      <Filter>Source Files</Filter>
    </ClCompile>
    <ClCompile Include="GeneratedFiles\Debug\moc_ksliderpptlist.cpp">
      <Filter>Generated Files\Debug</Filter>
    </ClCompile>
    <ClCompile Include="GeneratedFiles\Release\moc_ksliderpptlist.cpp">
      <Filter>Generated Files\Release</Filter>
    </ClCompile>
    <ClCompile Include="kswitchview.cpp">
      <Filter>Source Files</Filter>
    </ClCompile>
    <ClCompile Include="GeneratedFiles\Debug\moc_kswitchview.cpp">
      <Filter>Generated Files\Debug</Filter>
    </ClCompile>
    <ClCompile Include="GeneratedFiles\Release\moc_kswitchview.cpp">
      <Filter>Generated Files\Release</Filter>
    </ClCompile>
    <ClCompile Include="kcentralwidget.cpp">
      <Filter>Source Files</Filter>
    </ClCompile>
    <ClCompile Include="GeneratedFiles\Debug\moc_kcentralwidget.cpp">
      <Filter>Generated Files\Debug</Filter>
    </ClCompile>
    <ClCompile Include="GeneratedFiles\Release\moc_kcentralwidget.cpp">
      <Filter>Generated Files\Release</Filter>
    </ClCompile>
    <ClCompile Include="klanternslide.cpp">
      <Filter>Source Files</Filter>
    </ClCompile>
    <ClCompile Include="klistwidgetitem.cpp">
      <Filter>Source Files</Filter>
    </ClCompile>
    <ClCompile Include="kspringmodel.cpp">
      <Filter>Source Files</Filter>
    </ClCompile>
    <ClCompile Include="kmasspoint.cpp">
      <Filter>Source Files</Filter>
    </ClCompile>
    <ClCompile Include="kcloth.cpp">
      <Filter>Source Files</Filter>
    </ClCompile>
    <ClCompile Include="kdoor.cpp">
      <Filter>Source Files</Filter>
    </ClCompile>
    <ClCompile Include="kbaseswitch.cpp">
      <Filter>Source Files</Filter>
    </ClCompile>
    <ClCompile Include="kprestige.cpp">
      <Filter>Source Files</Filter>
    </ClCompile>
  </ItemGroup>
  <ItemGroup>
    <CustomBuild Include="kmainwindow.h">
      <Filter>Header Files</Filter>
    </CustomBuild>
    <CustomBuild Include="kmainwindow.ui">
      <Filter>Form Files</Filter>
    </CustomBuild>
    <CustomBuild Include="kmainwindow.qrc">
      <Filter>Resource Files</Filter>
    </CustomBuild>
    <CustomBuild Include="ksliderpptlist.h">
      <Filter>Header Files</Filter>
    </CustomBuild>
    <CustomBuild Include="kswitchview.h">
      <Filter>Header Files</Filter>
    </CustomBuild>
    <CustomBuild Include="kcentralwidget.h">
      <Filter>Header Files</Filter>
    </CustomBuild>
    <CustomBuild Include="klistwidgetitem.h">
      <Filter>Header Files</Filter>
    </CustomBuild>
    <CustomBuild Include="kmasspoint.h">
      <Filter>Header Files</Filter>
    </CustomBuild>
  </ItemGroup>
  <ItemGroup>
    <ClInclude Include="GeneratedFiles\ui_kmainwindow.h">
      <Filter>Generated Files</Filter>
    </ClInclude>
    <ClInclude Include="klanternslide.h">
      <Filter>Header Files</Filter>
    </ClInclude>
    <ClInclude Include="kswitchstyle.h">
      <Filter>Header Files</Filter>
    </ClInclude>
    <ClInclude Include="kspringmodel.h">
      <Filter>Header Files</Filter>
    </ClInclude>
    <ClInclude Include="kcloth.h">
      <Filter>Header Files</Filter>
    </ClInclude>
    <ClInclude Include="kdoor.h">
      <Filter>Header Files</Filter>
    </ClInclude>
    <ClInclude Include="kbaseswitch.h">
      <Filter>Header Files</Filter>
    </ClInclude>
    <ClInclude Include="kprestige.h">
      <Filter>Header Files</Filter>
    </ClInclude>
  </ItemGroup>
</Project>